// !$*UTF8*$!
{
	archiveVersion = 1;
	classes = {
	};
	objectVersion = 77;
	objects = {

/* Begin PBXBuildFile section */
		1CDBC30A301BEC7F00500E51 /* FirebaseAuth in Frameworks */ = {isa = PBXBuildFile; productRef = 1CDBC309301BEC7F00500E51 /* FirebaseAuth */; };
		1CDBC30C301BEC8B00500E51 /* FirebaseCore in Frameworks */ = {isa = PBXBuildFile; productRef = 1CDBC30B301BEC8B00500E51 /* FirebaseCore */; };
		1CF8A6823050D7E400B4836B /* FirebaseFirestore in Frameworks */ = {isa = PBXBuildFile; productRef = 1CF8A6813050D7E400B4836B /* FirebaseFirestore */; };
		1CFCB5053049F6E7009B9A1D /* .gitignore in Resources */ = {isa = PBXBuildFile; fileRef = 1CFCB5043049F6D7009B9A1D /* .gitignore */; };
/* End PBXBuildFile section */

/* Begin PBXContainerItemProxy section */
		1C272D94301BC4ED00DC5304 /* PBXContainerItemProxy */ = {
			isa = PBXContainerItemProxy;
			containerPortal = 1C272D7E301BC4EA00DC5304 /* Project object */;
			proxyType = 1;
			remoteGlobalIDString = 1C272D85301BC4EA00DC5304;
			remoteInfo = Bookshelf;
		};
		1C272D9E301BC4ED00DC5304 /* PBXContainerItemProxy */ = {
			isa = PBXContainerItemProxy;
			containerPortal = 1C272D7E301BC4EA00DC5304 /* Project object */;
			proxyType = 1;
			remoteGlobalIDString = 1C272D85301BC4EA00DC5304;
			remoteInfo = Bookshelf;
		};
/* End PBXContainerItemProxy section */

/* Begin PBXFileReference section */
		1C272D86301BC4EB00DC5304 /* Bookshelf.app */ = {isa = PBXFileReference; explicitFileType = wrapper.application; includeInIndex = 0; path = Bookshelf.app; sourceTree = BUILT_PRODUCTS_DIR; };
		1C272D93301BC4ED00DC5304 /* BookshelfTests.xctest */ = {isa = PBXFileReference; explicitFileType = wrapper.cfbundle; includeInIndex = 0; path = BookshelfTests.xctest; sourceTree = BUILT_PRODUCTS_DIR; };
		1C272D9D301BC4ED00DC5304 /* BookshelfUITests.xctest */ = {isa = PBXFileReference; explicitFileType = wrapper.cfbundle; includeInIndex = 0; path = BookshelfUITests.xctest; sourceTree = BUILT_PRODUCTS_DIR; };
		1CFCB5043049F6D7009B9A1D /* .gitignore */ = {isa = PBXFileReference; lastKnownFileType = text; path = .gitignore; sourceTree = "<group>"; };
/* End PBXFileReference section */

/* Begin PBXFileSystemSynchronizedBuildFileExceptionSet section */
		1CCC24CB303CE49000B2DC37 /* Exceptions for "Bookshelf" folder in "BookshelfTests" target */ = {
			isa = PBXFileSystemSynchronizedBuildFileExceptionSet;
			membershipExceptions = (
				"GoogleService-Info.plist",
			);
			target = 1C272D92301BC4ED00DC5304 /* BookshelfTests */;
		};
		1CCC24CC303CE49000B2DC37 /* Exceptions for "Bookshelf" folder in "BookshelfUITests" target */ = {
			isa = PBXFileSystemSynchronizedBuildFileExceptionSet;
			membershipExceptions = (
				"GoogleService-Info.plist",
			);
			target = 1C272D9C301BC4ED00DC5304 /* BookshelfUITests */;
		};
		1CFCB5013049F569009B9A1D /* Exceptions for "Bookshelf" folder in "Bookshelf" target */ = {
			isa = PBXFileSystemSynchronizedBuildFileExceptionSet;
			membershipExceptions = (
				Info.plist,
			);
			target = 1C272D85301BC4EA00DC5304 /* Bookshelf */;
		};
/* End PBXFileSystemSynchronizedBuildFileExceptionSet section */

/* Begin PBXFileSystemSynchronizedRootGroup section */
		1C272D88301BC4EB00DC5304 /* Bookshelf */ = {
			isa = PBXFileSystemSynchronizedRootGroup;
			exceptions = (
				1CFCB5013049F569009B9A1D /* Exceptions for "Bookshelf" folder in "Bookshelf" target */,
				1CCC24CB303CE49000B2DC37 /* Exceptions for "Bookshelf" folder in "BookshelfTests" target */,
				1CCC24CC303CE49000B2DC37 /* Exceptions for "Bookshelf" folder in "BookshelfUITests" target */,
			);
			path = Bookshelf;
			sourceTree = "<group>";
		};
		1C272D96301BC4ED00DC5304 /* BookshelfTests */ = {
			isa = PBXFileSystemSynchronizedRootGroup;
			path = BookshelfTests;
			sourceTree = "<group>";
		};
		1C272DA0301BC4ED00DC5304 /* BookshelfUITests */ = {
			isa = PBXFileSystemSynchronizedRootGroup;
			path = BookshelfUITests;
			sourceTree = "<group>";
		};
/* End PBXFileSystemSynchronizedRootGroup section */

/* Begin PBXFrameworksBuildPhase section */
		1C272D83301BC4EA00DC5304 /* Frameworks */ = {
			isa = PBXFrameworksBuildPhase;
			buildActionMask = 2147483647;
			files = (
				1CDBC30C301BEC8B00500E51 /* FirebaseCore in Frameworks */,
				1CDBC30A301BEC7F00500E51 /* FirebaseAuth in Frameworks */,
				1CF8A6823050D7E400B4836B /* FirebaseFirestore in Frameworks */,
			);
			runOnlyForDeploymentPostprocessing = 0;
		};
		1C272D90301BC4ED00DC5304 /* Frameworks */ = {
			isa = PBXFrameworksBuildPhase;
			buildActionMask = 2147483647;
			files = (
			);
			runOnlyForDeploymentPostprocessing = 0;
		};
		1C272D9A301BC4ED00DC5304 /* Frameworks */ = {
			isa = PBXFrameworksBuildPhase;
			buildActionMask = 2147483647;
			files = (
			);
			runOnlyForDeploymentPostprocessing = 0;
		};
/* End PBXFrameworksBuildPhase section */

/* Begin PBXGroup section */
		1C272D7D301BC4EA00DC5304 = {
			isa = PBXGroup;
			children = (
				1CFCB5043049F6D7009B9A1D /* .gitignore */,
				1C272D88301BC4EB00DC5304 /* Bookshelf */,
				1C272D96301BC4ED00DC5304 /* BookshelfTests */,
				1C272DA0301BC4ED00DC5304 /* BookshelfUITests */,
				1CDBC308301BEC7F00500E51 /* Frameworks */,
				1C272D87301BC4EB00DC5304 /* Products */,
			);
			sourceTree = "<group>";
		};
		1C272D87301BC4EB00DC5304 /* Products */ = {
			isa = PBXGroup;
			children = (
				1C272D86301BC4EB00DC5304 /* Bookshelf.app */,
				1C272D93301BC4ED00DC5304 /* BookshelfTests.xctest */,
				1C272D9D301BC4ED00DC5304 /* BookshelfUITests.xctest */,
			);
			name = Products;
			sourceTree = "<group>";
		};
		1CDBC308301BEC7F00500E51 /* Frameworks */ = {
			isa = PBXGroup;
			children = (
			);
			name = Frameworks;
			sourceTree = "<group>";
		};
/* End PBXGroup section */

/* Begin PBXNativeTarget section */
		1C272D85301BC4EA00DC5304 /* Bookshelf */ = {
			isa = PBXNativeTarget;
			buildConfigurationList = 1C272DA7301BC4EE00DC5304 /* Build configuration list for PBXNativeTarget "Bookshelf" */;
			buildPhases = (
				1C272D82301BC4EA00DC5304 /* Sources */,
				1C272D83301BC4EA00DC5304 /* Frameworks */,
				1C272D84301BC4EA00DC5304 /* Resources */,
			);
			buildRules = (
			);
			dependencies = (
			);
			fileSystemSynchronizedGroups = (
				1C272D88301BC4EB00DC5304 /* Bookshelf */,
			);
			name = Bookshelf;
			packageProductDependencies = (
				1CDBC309301BEC7F00500E51 /* FirebaseAuth */,
				1CDBC30B301BEC8B00500E51 /* FirebaseCore */,
				1CF8A6813050D7E400B4836B /* FirebaseFirestore */,
			);
			productName = Bookshelf;
			productReference = 1C272D86301BC4EB00DC5304 /* Bookshelf.app */;
			productType = "com.apple.product-type.application";
		};
		1C272D92301BC4ED00DC5304 /* BookshelfTests */ = {
			isa = PBXNativeTarget;
			buildConfigurationList = 1C272DAA301BC4EE00DC5304 /* Build configuration list for PBXNativeTarget "BookshelfTests" */;
			buildPhases = (
				1C272D8F301BC4ED00DC5304 /* Sources */,
				1C272D90301BC4ED00DC5304 /* Frameworks */,
				1C272D91301BC4ED00DC5304 /* Resources */,
			);
			buildRules = (
			);
			dependencies = (
				1C272D95301BC4ED00DC5304 /* PBXTargetDependency */,
			);
			fileSystemSynchronizedGroups = (
				1C272D96301BC4ED00DC5304 /* BookshelfTests */,
			);
			name = BookshelfTests;
			packageProductDependencies = (
			);
			productName = BookshelfTests;
			productReference = 1C272D93301BC4ED00DC5304 /* BookshelfTests.xctest */;
			productType = "com.apple.product-type.bundle.unit-test";
		};
		1C272D9C301BC4ED00DC5304 /* BookshelfUITests */ = {
			isa = PBXNativeTarget;
			buildConfigurationList = 1C272DAD301BC4EE00DC5304 /* Build configuration list for PBXNativeTarget "BookshelfUITests" */;
			buildPhases = (
				1C272D99301BC4ED00DC5304 /* Sources */,
				1C272D9A301BC4ED00DC5304 /* Frameworks */,
				1C272D9B301BC4ED00DC5304 /* Resources */,
			);
			buildRules = (
			);
			dependencies = (
				1C272D9F301BC4ED00DC5304 /* PBXTargetDependency */,
			);
			fileSystemSynchronizedGroups = (
				1C272DA0301BC4ED00DC5304 /* BookshelfUITests */,
			);
			name = BookshelfUITests;
			packageProductDependencies = (
			);
			productName = BookshelfUITests;
			productReference = 1C272D9D301BC4ED00DC5304 /* BookshelfUITests.xctest */;
			productType = "com.apple.product-type.bundle.ui-testing";
		};
/* End PBXNativeTarget section */

/* Begin PBXProject section */
		1C272D7E301BC4EA00DC5304 /* Project object */ = {
			isa = PBXProject;
			attributes = {
				BuildIndependentTargetsInParallel = 1;
				LastSwiftUpdateCheck = 2650;
				LastUpgradeCheck = 2650;
				TargetAttributes = {
					1C272D85301BC4EA00DC5304 = {
						CreatedOnToolsVersion = 26.5;
					};
					1C272D92301BC4ED00DC5304 = {
						CreatedOnToolsVersion = 26.5;
						TestTargetID = 1C272D85301BC4EA00DC5304;
					};
					1C272D9C301BC4ED00DC5304 = {
						CreatedOnToolsVersion = 26.5;
						TestTargetID = 1C272D85301BC4EA00DC5304;
					};
				};
			};
			buildConfigurationList = 1C272D81301BC4EA00DC5304 /* Build configuration list for PBXProject "Bookshelf" */;
			developmentRegion = en;
			hasScannedForEncodings = 0;
			knownRegions = (
				en,
				Base,
			);
			mainGroup = 1C272D7D301BC4EA00DC5304;
			minimizedProjectReferenceProxies = 1;
			packageReferences = (
				1CDBC304301BE7D900500E51 /* XCRemoteSwiftPackageReference "swift-algorithms" */,
				1CDBC305301BE86800500E51 /* XCRemoteSwiftPackageReference "firebase-ios-sdk" */,
			);
			preferredProjectObjectVersion = 77;
			productRefGroup = 1C272D87301BC4EB00DC5304 /* Products */;
			projectDirPath = "";
			projectRoot = "";
			targets = (
				1C272D85301BC4EA00DC5304 /* Bookshelf */,
				1C272D92301BC4ED00DC5304 /* BookshelfTests */,
				1C272D9C301BC4ED00DC5304 /* BookshelfUITests */,
			);
		};
/* End PBXProject section */

/* Begin PBXResourcesBuildPhase section */
		1C272D84301BC4EA00DC5304 /* Resources */ = {
			isa = PBXResourcesBuildPhase;
			buildActionMask = 2147483647;
			files = (
				1CFCB5053049F6E7009B9A1D /* .gitignore in Resources */,
			);
			runOnlyForDeploymentPostprocessing = 0;
		};
		1C272D91301BC4ED00DC5304 /* Resources */ = {
			isa = PBXResourcesBuildPhase;
			buildActionMask = 2147483647;
			files = (
			);
			runOnlyForDeploymentPostprocessing = 0;
		};
		1C272D9B301BC4ED00DC5304 /* Resources */ = {
			isa = PBXResourcesBuildPhase;
			buildActionMask = 2147483647;
			files = (
			);
			runOnlyForDeploymentPostprocessing = 0;
		};
/* End PBXResourcesBuildPhase section */

/* Begin PBXSourcesBuildPhase section */
		1C272D82301BC4EA00DC5304 /* Sources */ = {
			isa = PBXSourcesBuildPhase;
			buildActionMask = 2147483647;
			files = (
			);
			runOnlyForDeploymentPostprocessing = 0;
		};
		1C272D8F301BC4ED00DC5304 /* Sources */ = {
			isa = PBXSourcesBuildPhase;
			buildActionMask = 2147483647;
			files = (
			);
			runOnlyForDeploymentPostprocessing = 0;
		};
		1C272D99301BC4ED00DC5304 /* Sources */ = {
			isa = PBXSourcesBuildPhase;
			buildActionMask = 2147483647;
			files = (
			);
			runOnlyForDeploymentPostprocessing = 0;
		};
/* End PBXSourcesBuildPhase section */

/* Begin PBXTargetDependency section */
		1C272D95301BC4ED00DC5304 /* PBXTargetDependency */ = {
			isa = PBXTargetDependency;
			target = 1C272D85301BC4EA00DC5304 /* Bookshelf */;
			targetProxy = 1C272D94301BC4ED00DC5304 /* PBXContainerItemProxy */;
		};
		1C272D9F301BC4ED00DC5304 /* PBXTargetDependency */ = {
			isa = PBXTargetDependency;
			target = 1C272D85301BC4EA00DC5304 /* Bookshelf */;
			targetProxy = 1C272D9E301BC4ED00DC5304 /* PBXContainerItemProxy */;
		};
/* End PBXTargetDependency section */

/* Begin XCBuildConfiguration section */
		1C272DA5301BC4EE00DC5304 /* Debug */ = {
			isa = XCBuildConfiguration;
			buildSettings = {
				ALWAYS_SEARCH_USER_PATHS = NO;
				ASSETCATALOG_COMPILER_GENERATE_SWIFT_ASSET_SYMBOL_EXTENSIONS = YES;
				CLANG_ANALYZER_NONNULL = YES;
				CLANG_ANALYZER_NUMBER_OBJECT_CONVERSION = YES_AGGRESSIVE;
				CLANG_CXX_LANGUAGE_STANDARD = "gnu++20";
				CLANG_ENABLE_MODULES = YES;
				CLANG_ENABLE_OBJC_ARC = YES;
				CLANG_ENABLE_OBJC_WEAK = YES;
				CLANG_WARN_BLOCK_CAPTURE_AUTORELEASING = YES;
				CLANG_WARN_BOOL_CONVERSION = YES;
				CLANG_WARN_COMMA = YES;
				CLANG_WARN_CONSTANT_CONVERSION = YES;
				CLANG_WARN_DEPRECATED_OBJC_IMPLEMENTATIONS = YES;
				CLANG_WARN_DIRECT_OBJC_ISA_USAGE = YES_ERROR;
				CLANG_WARN_DOCUMENTATION_COMMENTS = YES;
				CLANG_WARN_EMPTY_BODY = YES;
				CLANG_WARN_ENUM_CONVERSION = YES;
				CLANG_WARN_INFINITE_RECURSION = YES;
				CLANG_WARN_INT_CONVERSION = YES;
				CLANG_WARN_NON_LITERAL_NULL_CONVERSION = YES;
				CLANG_WARN_OBJC_IMPLICIT_RETAIN_SELF = YES;
				CLANG_WARN_OBJC_LITERAL_CONVERSION = YES;
				CLANG_WARN_OBJC_ROOT_CLASS = YES_ERROR;
				CLANG_WARN_QUOTED_INCLUDE_IN_FRAMEWORK_HEADER = YES;
				CLANG_WARN_RANGE_LOOP_ANALYSIS = YES;
				CLANG_WARN_STRICT_PROTOTYPES = YES;
				CLANG_WARN_SUSPICIOUS_MOVE = YES;
				CLANG_WARN_UNGUARDED_AVAILABILITY = YES_AGGRESSIVE;
				CLANG_WARN_UNREACHABLE_CODE = YES;
				CLANG_WARN__DUPLICATE_METHOD_MATCH = YES;
				COPY_PHASE_STRIP = NO;
				DEBUG_INFORMATION_FORMAT = dwarf;
				ENABLE_STRICT_OBJC_MSGSEND = YES;
				ENABLE_TESTABILITY = YES;
				ENABLE_USER_SCRIPT_SANDBOXING = YES;
				GCC_C_LANGUAGE_STANDARD = gnu17;
				GCC_DYNAMIC_NO_PIC = NO;
				GCC_NO_COMMON_BLOCKS = YES;
				GCC_OPTIMIZATION_LEVEL = 0;
				GCC_PREPROCESSOR_DEFINITIONS = (
					"DEBUG=1",
					"$(inherited)",
				);
				GCC_WARN_64_TO_32_BIT_CONVERSION = YES;
				GCC_WARN_ABOUT_RETURN_TYPE = YES_ERROR;
				GCC_WARN_UNDECLARED_SELECTOR = YES;
				GCC_WARN_UNINITIALIZED_AUTOS = YES_AGGRESSIVE;
				GCC_WARN_UNUSED_FUNCTION = YES;
				GCC_WARN_UNUSED_VARIABLE = YES;
				IPHONEOS_DEPLOYMENT_TARGET = 26.5;
				LOCALIZATION_PREFERS_STRING_CATALOGS = YES;
				MTL_ENABLE_DEBUG_INFO = INCLUDE_SOURCE;
				MTL_FAST_MATH = YES;
				ONLY_ACTIVE_ARCH = YES;
				SDKROOT = iphoneos;
				SWIFT_ACTIVE_COMPILATION_CONDITIONS = "DEBUG $(inherited)";
				SWIFT_OPTIMIZATION_LEVEL = "-Onone";
			};
			name = Debug;
		};
		1C272DA6301BC4EE00DC5304 /* Release */ = {
			isa = XCBuildConfiguration;
			buildSettings = {
				ALWAYS_SEARCH_USER_PATHS = NO;
				ASSETCATALOG_COMPILER_GENERATE_SWIFT_ASSET_SYMBOL_EXTENSIONS = YES;
				CLANG_ANALYZER_NONNULL = YES;
				CLANG_ANALYZER_NUMBER_OBJECT_CONVERSION = YES_AGGRESSIVE;
				CLANG_CXX_LANGUAGE_STANDARD = "gnu++20";
				CLANG_ENABLE_MODULES = YES;
				CLANG_ENABLE_OBJC_ARC = YES;
				CLANG_ENABLE_OBJC_WEAK = YES;
				CLANG_WARN_BLOCK_CAPTURE_AUTORELEASING = YES;
				CLANG_WARN_BOOL_CONVERSION = YES;
				CLANG_WARN_COMMA = YES;
				CLANG_WARN_CONSTANT_CONVERSION = YES;
				CLANG_WARN_DEPRECATED_OBJC_IMPLEMENTATIONS = YES;
				CLANG_WARN_DIRECT_OBJC_ISA_USAGE = YES_ERROR;
				CLANG_WARN_DOCUMENTATION_COMMENTS = YES;
				CLANG_WARN_EMPTY_BODY = YES;
				CLANG_WARN_ENUM_CONVERSION = YES;
				CLANG_WARN_INFINITE_RECURSION = YES;
				CLANG_WARN_INT_CONVERSION = YES;
				CLANG_WARN_NON_LITERAL_NULL_CONVERSION = YES;
				CLANG_WARN_OBJC_IMPLICIT_RETAIN_SELF = YES;
				CLANG_WARN_OBJC_LITERAL_CONVERSION = YES;
				CLANG_WARN_OBJC_ROOT_CLASS = YES_ERROR;
				CLANG_WARN_QUOTED_INCLUDE_IN_FRAMEWORK_HEADER = YES;
				CLANG_WARN_RANGE_LOOP_ANALYSIS = YES;
				CLANG_WARN_STRICT_PROTOTYPES = YES;
				CLANG_WARN_SUSPICIOUS_MOVE = YES;
				CLANG_WARN_UNGUARDED_AVAILABILITY = YES_AGGRESSIVE;
				CLANG_WARN_UNREACHABLE_CODE = YES;
				CLANG_WARN__DUPLICATE_METHOD_MATCH = YES;
				COPY_PHASE_STRIP = NO;
				DEBUG_INFORMATION_FORMAT = "dwarf-with-dsym";
				ENABLE_NS_ASSERTIONS = NO;
				ENABLE_STRICT_OBJC_MSGSEND = YES;
				ENABLE_USER_SCRIPT_SANDBOXING = YES;
				GCC_C_LANGUAGE_STANDARD = gnu17;
				GCC_NO_COMMON_BLOCKS = YES;
				GCC_WARN_64_TO_32_BIT_CONVERSION = YES;
				GCC_WARN_ABOUT_RETURN_TYPE = YES_ERROR;
				GCC_WARN_UNDECLARED_SELECTOR = YES;
				GCC_WARN_UNINITIALIZED_AUTOS = YES_AGGRESSIVE;
				GCC_WARN_UNUSED_FUNCTION = YES;
				GCC_WARN_UNUSED_VARIABLE = YES;
				IPHONEOS_DEPLOYMENT_TARGET = 26.5;
				LOCALIZATION_PREFERS_STRING_CATALOGS = YES;
				MTL_ENABLE_DEBUG_INFO = NO;
				MTL_FAST_MATH = YES;
				SDKROOT = iphoneos;
				SWIFT_COMPILATION_MODE = wholemodule;
				VALIDATE_PRODUCT = YES;
			};
			name = Release;
		};
		1C272DA8301BC4EE00DC5304 /* Debug */ = {
			isa = XCBuildConfiguration;
			baseConfigurationReferenceAnchor = 1C272D88301BC4EB00DC5304 /* Bookshelf */;
			baseConfigurationReferenceRelativePath = Secrets.xcconfig;
			buildSettings = {
				ASSETCATALOG_COMPILER_APPICON_NAME = AppIcon;
				ASSETCATALOG_COMPILER_GLOBAL_ACCENT_COLOR_NAME = AccentColor;
				CODE_SIGN_STYLE = Automatic;
				CURRENT_PROJECT_VERSION = 1;
				DEVELOPMENT_TEAM = XSRY3JTSX9;
				ENABLE_PREVIEWS = YES;
				GENERATE_INFOPLIST_FILE = YES;
				INFOPLIST_FILE = Bookshelf/Info.plist;
				INFOPLIST_KEY_UIApplicationSceneManifest_Generation = YES;
				INFOPLIST_KEY_UIApplicationSupportsIndirectInputEvents = YES;
				INFOPLIST_KEY_UILaunchScreen_Generation = YES;
				INFOPLIST_KEY_UISupportedInterfaceOrientations_iPad = "UIInterfaceOrientationPortrait UIInterfaceOrientationPortraitUpsideDown UIInterfaceOrientationLandscapeLeft UIInterfaceOrientationLandscapeRight";
				INFOPLIST_KEY_UISupportedInterfaceOrientations_iPhone = "UIInterfaceOrientationPortrait UIInterfaceOrientationLandscapeLeft UIInterfaceOrientationLandscapeRight";
				LD_RUNPATH_SEARCH_PATHS = (
					"$(inherited)",
					"@executable_path/Frameworks",
				);
				MARKETING_VERSION = 1.0;
				PRODUCT_BUNDLE_IDENTIFIER = com.ChristianAnovert.Bookshelf;
				PRODUCT_NAME = "$(TARGET_NAME)";
				STRING_CATALOG_GENERATE_SYMBOLS = YES;
				SWIFT_APPROACHABLE_CONCURRENCY = YES;
				SWIFT_DEFAULT_ACTOR_ISOLATION = MainActor;
				SWIFT_EMIT_LOC_STRINGS = YES;
				SWIFT_UPCOMING_FEATURE_MEMBER_IMPORT_VISIBILITY = YES;
				SWIFT_VERSION = 5.0;
				TARGETED_DEVICE_FAMILY = "1,2";
			};
			name = Debug;
		};
		1C272DA9301BC4EE00DC5304 /* Release */ = {
			isa = XCBuildConfiguration;
			baseConfigurationReferenceAnchor = 1C272D88301BC4EB00DC5304 /* Bookshelf */;
			baseConfigurationReferenceRelativePath = Secrets.xcconfig;
			buildSettings = {
				ASSETCATALOG_COMPILER_APPICON_NAME = AppIcon;
				ASSETCATALOG_COMPILER_GLOBAL_ACCENT_COLOR_NAME = AccentColor;
				CODE_SIGN_STYLE = Automatic;
				CURRENT_PROJECT_VERSION = 1;
				DEVELOPMENT_TEAM = XSRY3JTSX9;
				ENABLE_PREVIEWS = YES;
				GENERATE_INFOPLIST_FILE = YES;
				INFOPLIST_FILE = Bookshelf/Info.plist;
				INFOPLIST_KEY_UIApplicationSceneManifest_Generation = YES;
				INFOPLIST_KEY_UIApplicationSupportsIndirectInputEvents = YES;
				INFOPLIST_KEY_UILaunchScreen_Generation = YES;
				INFOPLIST_KEY_UISupportedInterfaceOrientations_iPad = "UIInterfaceOrientationPortrait UIInterfaceOrientationPortraitUpsideDown UIInterfaceOrientationLandscapeLeft UIInterfaceOrientationLandscapeRight";
				INFOPLIST_KEY_UISupportedInterfaceOrientations_iPhone = "UIInterfaceOrientationPortrait UIInterfaceOrientationLandscapeLeft UIInterfaceOrientationLandscapeRight";
				LD_RUNPATH_SEARCH_PATHS = (
					"$(inherited)",
					"@executable_path/Frameworks",
				);
				MARKETING_VERSION = 1.0;
				PRODUCT_BUNDLE_IDENTIFIER = com.ChristianAnovert.Bookshelf;
				PRODUCT_NAME = "$(TARGET_NAME)";
				STRING_CATALOG_GENERATE_SYMBOLS = YES;
				SWIFT_APPROACHABLE_CONCURRENCY = YES;
				SWIFT_DEFAULT_ACTOR_ISOLATION = MainActor;
				SWIFT_EMIT_LOC_STRINGS = YES;
				SWIFT_UPCOMING_FEATURE_MEMBER_IMPORT_VISIBILITY = YES;
				SWIFT_VERSION = 5.0;
				TARGETED_DEVICE_FAMILY = "1,2";
			};
			name = Release;
		};
		1C272DAB301BC4EE00DC5304 /* Debug */ = {
			isa = XCBuildConfiguration;
			buildSettings = {
				BUNDLE_LOADER = "$(TEST_HOST)";
				CODE_SIGN_STYLE = Automatic;
				CURRENT_PROJECT_VERSION = 1;
				GENERATE_INFOPLIST_FILE = YES;
				IPHONEOS_DEPLOYMENT_TARGET = 26.5;
				MARKETING_VERSION = 1.0;
				PRODUCT_BUNDLE_IDENTIFIER = com.Bookshelf.BookshelfTests;
				PRODUCT_NAME = "$(TARGET_NAME)";
				STRING_CATALOG_GENERATE_SYMBOLS = NO;
				SWIFT_APPROACHABLE_CONCURRENCY = YES;
				SWIFT_EMIT_LOC_STRINGS = NO;
				SWIFT_UPCOMING_FEATURE_MEMBER_IMPORT_VISIBILITY = YES;
				SWIFT_VERSION = 5.0;
				TARGETED_DEVICE_FAMILY = "1,2";
				TEST_HOST = "$(BUILT_PRODUCTS_DIR)/Bookshelf.app/$(BUNDLE_EXECUTABLE_FOLDER_PATH)/Bookshelf";
			};
			name = Debug;
		};
		1C272DAC301BC4EE00DC5304 /* Release */ = {
			isa = XCBuildConfiguration;
			buildSettings = {
				BUNDLE_LOADER = "$(TEST_HOST)";
				CODE_SIGN_STYLE = Automatic;
				CURRENT_PROJECT_VERSION = 1;
				GENERATE_INFOPLIST_FILE = YES;
				IPHONEOS_DEPLOYMENT_TARGET = 26.5;
				MARKETING_VERSION = 1.0;
				PRODUCT_BUNDLE_IDENTIFIER = com.Bookshelf.BookshelfTests;
				PRODUCT_NAME = "$(TARGET_NAME)";
				STRING_CATALOG_GENERATE_SYMBOLS = NO;
				SWIFT_APPROACHABLE_CONCURRENCY = YES;
				SWIFT_EMIT_LOC_STRINGS = NO;
				SWIFT_UPCOMING_FEATURE_MEMBER_IMPORT_VISIBILITY = YES;
				SWIFT_VERSION = 5.0;
				TARGETED_DEVICE_FAMILY = "1,2";
				TEST_HOST = "$(BUILT_PRODUCTS_DIR)/Bookshelf.app/$(BUNDLE_EXECUTABLE_FOLDER_PATH)/Bookshelf";
			};
			name = Release;
		};
		1C272DAE301BC4EE00DC5304 /* Debug */ = {
			isa = XCBuildConfiguration;
			buildSettings = {
				CODE_SIGN_STYLE = Automatic;
				CURRENT_PROJECT_VERSION = 1;
				GENERATE_INFOPLIST_FILE = YES;
				MARKETING_VERSION = 1.0;
				PRODUCT_BUNDLE_IDENTIFIER = com.Bookshelf.BookshelfUITests;
				PRODUCT_NAME = "$(TARGET_NAME)";
				STRING_CATALOG_GENERATE_SYMBOLS = NO;
				SWIFT_APPROACHABLE_CONCURRENCY = YES;
				SWIFT_EMIT_LOC_STRINGS = NO;
				SWIFT_UPCOMING_FEATURE_MEMBER_IMPORT_VISIBILITY = YES;
				SWIFT_VERSION = 5.0;
				TARGETED_DEVICE_FAMILY = "1,2";
				TEST_TARGET_NAME = Bookshelf;
			};
			name = Debug;
		};
		1C272DAF301BC4EE00DC5304 /* Release */ = {
			isa = XCBuildConfiguration;
			buildSettings = {
				CODE_SIGN_STYLE = Automatic;
				CURRENT_PROJECT_VERSION = 1;
				GENERATE_INFOPLIST_FILE = YES;
				MARKETING_VERSION = 1.0;
				PRODUCT_BUNDLE_IDENTIFIER = com.Bookshelf.BookshelfUITests;
				PRODUCT_NAME = "$(TARGET_NAME)";
				STRING_CATALOG_GENERATE_SYMBOLS = NO;
				SWIFT_APPROACHABLE_CONCURRENCY = YES;
				SWIFT_EMIT_LOC_STRINGS = NO;
				SWIFT_UPCOMING_FEATURE_MEMBER_IMPORT_VISIBILITY = YES;
				SWIFT_VERSION = 5.0;
				TARGETED_DEVICE_FAMILY = "1,2";
				TEST_TARGET_NAME = Bookshelf;
			};
			name = Release;
		};
/* End XCBuildConfiguration section */

/* Begin XCConfigurationList section */
		1C272D81301BC4EA00DC5304 /* Build configuration list for PBXProject "Bookshelf" */ = {
			isa = XCConfigurationList;
			buildConfigurations = (
				1C272DA5301BC4EE00DC5304 /* Debug */,
				1C272DA6301BC4EE00DC5304 /* Release */,
			);
			defaultConfigurationIsVisible = 0;
			defaultConfigurationName = Release;
		};
		1C272DA7301BC4EE00DC5304 /* Build configuration list for PBXNativeTarget "Bookshelf" */ = {
			isa = XCConfigurationList;
			buildConfigurations = (
				1C272DA8301BC4EE00DC5304 /* Debug */,
				1C272DA9301BC4EE00DC5304 /* Release */,
			);
			defaultConfigurationIsVisible = 0;
			defaultConfigurationName = Release;
		};
		1C272DAA301BC4EE00DC5304 /* Build configuration list for PBXNativeTarget "BookshelfTests" */ = {
			isa = XCConfigurationList;
			buildConfigurations = (
				1C272DAB301BC4EE00DC5304 /* Debug */,
				1C272DAC301BC4EE00DC5304 /* Release */,
			);
			defaultConfigurationIsVisible = 0;
			defaultConfigurationName = Release;
		};
		1C272DAD301BC4EE00DC5304 /* Build configuration list for PBXNativeTarget "BookshelfUITests" */ = {
			isa = XCConfigurationList;
			buildConfigurations = (
				1C272DAE301BC4EE00DC5304 /* Debug */,
				1C272DAF301BC4EE00DC5304 /* Release */,
			);
			defaultConfigurationIsVisible = 0;
			defaultConfigurationName = Release;
		};
/* End XCConfigurationList section */

/* Begin XCRemoteSwiftPackageReference section */
		1CDBC304301BE7D900500E51 /* XCRemoteSwiftPackageReference "swift-algorithms" */ = {
			isa = XCRemoteSwiftPackageReference;
			repositoryURL = "https://github.com/apple/swift-algorithms.git";
			requirement = {
				kind = upToNextMajorVersion;
				minimumVersion = 1.2.1;
			};
		};
		1CDBC305301BE86800500E51 /* XCRemoteSwiftPackageReference "firebase-ios-sdk" */ = {
			isa = XCRemoteSwiftPackageReference;
			repositoryURL = "https://github.com/firebase/firebase-ios-sdk";
			requirement = {
				kind = upToNextMajorVersion;
				minimumVersion = 12.17.0;
			};
		};
/* End XCRemoteSwiftPackageReference section */

/* Begin XCSwiftPackageProductDependency section */
		1CDBC309301BEC7F00500E51 /* FirebaseAuth */ = {
			isa = XCSwiftPackageProductDependency;
			package = 1CDBC305301BE86800500E51 /* XCRemoteSwiftPackageReference "firebase-ios-sdk" */;
			productName = FirebaseAuth;
		};
		1CDBC30B301BEC8B00500E51 /* FirebaseCore */ = {
			isa = XCSwiftPackageProductDependency;
			package = 1CDBC305301BE86800500E51 /* XCRemoteSwiftPackageReference "firebase-ios-sdk" */;
			productName = FirebaseCore;
		};
		1CF8A6813050D7E400B4836B /* FirebaseFirestore */ = {
			isa = XCSwiftPackageProductDependency;
			package = 1CDBC305301BE86800500E51 /* XCRemoteSwiftPackageReference "firebase-ios-sdk" */;
			productName = FirebaseFirestore;
		};
/* End XCSwiftPackageProductDependency section */
	};
	rootObject = 1C272D7E301BC4EA00DC5304 /* Project object */;
}
